// !$*UTF8*$!
{
	archiveVersion = 1;
	classes = {
	};
	objectVersion = 55;
	objects = {

/* Begin PBXBuildFile section */
		977FA69127F4D46400002E26 /* Food.swift in Sources */ = {isa = PBXBuildFile; fileRef = 977FA69027F4D46400002E26 /* Food.swift */; };
		977FA69527F62FBC00002E26 /* AddView.swift in Sources */ = {isa = PBXBuildFile; fileRef = 977FA69427F62FBC00002E26 /* AddView.swift */; };
		977FA69727F9FB3600002E26 /* HomeView.swift in Sources */ = {isa = PBXBuildFile; fileRef = 977FA69627F9FB3600002E26 /* HomeView.swift */; };
		977FA69927F9FBE300002E26 /* NewView.swift in Sources */ = {isa = PBXBuildFile; fileRef = 977FA69827F9FBE300002E26 /* NewView.swift */; };
		97978CCF28178026008FAD5A /* HomeScreen.swift in Sources */ = {isa = PBXBuildFile; fileRef = 97978CCE28178026008FAD5A /* HomeScreen.swift */; };
		97ADD2F6281892B5003848E0 /* FetchData.swift in Sources */ = {isa = PBXBuildFile; fileRef = 97ADD2F5281892B5003848E0 /* FetchData.swift */; };
		BA6172E227D6B5AE00E83754 /* FooodifyApp.swift in Sources */ = {isa = PBXBuildFile; fileRef = BA6172E127D6B5AE00E83754 /* FooodifyApp.swift */; };
		BA6172E427D6B5AE00E83754 /* ContentView.swift in Sources */ = {isa = PBXBuildFile; fileRef = BA6172E327D6B5AE00E83754 /* ContentView.swift */; };
		BA6172E627D6B5B100E83754 /* Assets.xcassets in Resources */ = {isa = PBXBuildFile; fileRef = BA6172E527D6B5B100E83754 /* Assets.xcassets */; };
		BA6172E927D6B5B100E83754 /* Preview Assets.xcassets in Resources */ = {isa = PBXBuildFile; fileRef = BA6172E827D6B5B100E83754 /* Preview Assets.xcassets */; };
		BA6172F327D6B5B200E83754 /* FooodifyTests.swift in Sources */ = {isa = PBXBuildFile; fileRef = BA6172F227D6B5B200E83754 /* FooodifyTests.swift */; };
		BA6172FD27D6B5B200E83754 /* FooodifyUITests.swift in Sources */ = {isa = PBXBuildFile; fileRef = BA6172FC27D6B5B200E83754 /* FooodifyUITests.swift */; };
		BA6172FF27D6B5B200E83754 /* FooodifyUITestsLaunchTests.swift in Sources */ = {isa = PBXBuildFile; fileRef = BA6172FE27D6B5B200E83754 /* FooodifyUITestsLaunchTests.swift */; };
/* End PBXBuildFile section */

/* Begin PBXContainerItemProxy section */
		BA6172EF27D6B5B200E83754 /* PBXContainerItemProxy */ = {
			isa = PBXContainerItemProxy;
			containerPortal = BA6172D627D6B5AE00E83754 /* Project object */;
			proxyType = 1;
			remoteGlobalIDString = BA6172DD27D6B5AE00E83754;
			remoteInfo = Fooodify;
		};
		BA6172F927D6B5B200E83754 /* PBXContainerItemProxy */ = {
			isa = PBXContainerItemProxy;
			containerPortal = BA6172D627D6B5AE00E83754 /* Project object */;
			proxyType = 1;
			remoteGlobalIDString = BA6172DD27D6B5AE00E83754;
			remoteInfo = Fooodify;
		};
/* End PBXContainerItemProxy section */

/* Begin PBXFileReference section */
		977FA69027F4D46400002E26 /* Food.swift */ = {isa = PBXFileReference; lastKnownFileType = sourcecode.swift; path = Food.swift; sourceTree = "<group>"; };
		977FA69427F62FBC00002E26 /* AddView.swift */ = {isa = PBXFileReference; lastKnownFileType = sourcecode.swift; path = AddView.swift; sourceTree = "<group>"; };
		977FA69627F9FB3600002E26 /* HomeView.swift */ = {isa = PBXFileReference; lastKnownFileType = sourcecode.swift; path = HomeView.swift; sourceTree = "<group>"; };
		977FA69827F9FBE300002E26 /* NewView.swift */ = {isa = PBXFileReference; lastKnownFileType = sourcecode.swift; path = NewView.swift; sourceTree = "<group>"; };
		97978CCE28178026008FAD5A /* HomeScreen.swift */ = {isa = PBXFileReference; fileEncoding = 4; lastKnownFileType = sourcecode.swift; name = HomeScreen.swift; path = Fooodify/Views/HomeScreen.swift; sourceTree = SOURCE_ROOT; };
		97ADD2F5281892B5003848E0 /* FetchData.swift */ = {isa = PBXFileReference; fileEncoding = 4; lastKnownFileType = sourcecode.swift; path = FetchData.swift; sourceTree = "<group>"; };
		BA6172DE27D6B5AE00E83754 /* Fooodify.app */ = {isa = PBXFileReference; explicitFileType = wrapper.application; includeInIndex = 0; path = Fooodify.app; sourceTree = BUILT_PRODUCTS_DIR; };
		BA6172E127D6B5AE00E83754 /* FooodifyApp.swift */ = {isa = PBXFileReference; lastKnownFileType = sourcecode.swift; path = FooodifyApp.swift; sourceTree = "<group>"; };
		BA6172E327D6B5AE00E83754 /* ContentView.swift */ = {isa = PBXFileReference; lastKnownFileType = sourcecode.swift; path = ContentView.swift; sourceTree = "<group>"; };
		BA6172E527D6B5B100E83754 /* Assets.xcassets */ = {isa = PBXFileReference; lastKnownFileType = folder.assetcatalog; path = Assets.xcassets; sourceTree = "<group>"; };
		BA6172E827D6B5B100E83754 /* Preview Assets.xcassets */ = {isa = PBXFileReference; lastKnownFileType = folder.assetcatalog; path = "Preview Assets.xcassets"; sourceTree = "<group>"; };
		BA6172EE27D6B5B200E83754 /* FooodifyTests.xctest */ = {isa = PBXFileReference; explicitFileType = wrapper.cfbundle; includeInIndex = 0; path = FooodifyTests.xctest; sourceTree = BUILT_PRODUCTS_DIR; };
		BA6172F227D6B5B200E83754 /* FooodifyTests.swift */ = {isa = PBXFileReference; lastKnownFileType = sourcecode.swift; path = FooodifyTests.swift; sourceTree = "<group>"; };
		BA6172F827D6B5B200E83754 /* FooodifyUITests.xctest */ = {isa = PBXFileReference; explicitFileType = wrapper.cfbundle; includeInIndex = 0; path = FooodifyUITests.xctest; sourceTree = BUILT_PRODUCTS_DIR; };
		BA6172FC27D6B5B200E83754 /* FooodifyUITests.swift */ = {isa = PBXFileReference; lastKnownFileType = sourcecode.swift; path = FooodifyUITests.swift; sourceTree = "<group>"; };
		BA6172FE27D6B5B200E83754 /* FooodifyUITestsLaunchTests.swift */ = {isa = PBXFileReference; lastKnownFileType = sourcecode.swift; path = FooodifyUITestsLaunchTests.swift; sourceTree = "<group>"; };
/* End PBXFileReference section */

/* Begin PBXFrameworksBuildPhase section */
		BA6172DB27D6B5AE00E83754 /* Frameworks */ = {
			isa = PBXFrameworksBuildPhase;
			buildActionMask = 2147483647;
			files = (
			);
			runOnlyForDeploymentPostprocessing = 0;
		};
		BA6172EB27D6B5B200E83754 /* Frameworks */ = {
			isa = PBXFrameworksBuildPhase;
			buildActionMask = 2147483647;
			files = (
			);
			runOnlyForDeploymentPostprocessing = 0;
		};
		BA6172F527D6B5B200E83754 /* Frameworks */ = {
			isa = PBXFrameworksBuildPhase;
			buildActionMask = 2147483647;
			files = (
			);
			runOnlyForDeploymentPostprocessing = 0;
		};
/* End PBXFrameworksBuildPhase section */

/* Begin PBXGroup section */
		977FA69227F62DDD00002E26 /* Views */ = {
			isa = PBXGroup;
			children = (
				97978CCE28178026008FAD5A /* HomeScreen.swift */,
				BA6172E327D6B5AE00E83754 /* ContentView.swift */,
				977FA69427F62FBC00002E26 /* AddView.swift */,
				977FA69627F9FB3600002E26 /* HomeView.swift */,
				977FA69827F9FBE300002E26 /* NewView.swift */,
			);
			path = Views;
			sourceTree = "<group>";
		};
		977FA69327F62E1000002E26 /* Model */ = {
			isa = PBXGroup;
			children = (
				97ADD2F5281892B5003848E0 /* FetchData.swift */,
				977FA69027F4D46400002E26 /* Food.swift */,
			);
			path = Model;
			sourceTree = "<group>";
		};
		BA6172D527D6B5AE00E83754 = {
			isa = PBXGroup;
			children = (
				BA6172E027D6B5AE00E83754 /* Fooodify */,
				BA6172F127D6B5B200E83754 /* FooodifyTests */,
				BA6172FB27D6B5B200E83754 /* FooodifyUITests */,
				BA6172DF27D6B5AE00E83754 /* Products */,
			);
			sourceTree = "<group>";
		};
		BA6172DF27D6B5AE00E83754 /* Products */ = {
			isa = PBXGroup;
			children = (
				BA6172DE27D6B5AE00E83754 /* Fooodify.app */,
				BA6172EE27D6B5B200E83754 /* FooodifyTests.xctest */,
				BA6172F827D6B5B200E83754 /* FooodifyUITests.xctest */,
			);
			name = Products;
			sourceTree = "<group>";
		};
		BA6172E027D6B5AE00E83754 /* Fooodify */ = {
			isa = PBXGroup;
			children = (
				977FA69327F62E1000002E26 /* Model */,
				BA6172E127D6B5AE00E83754 /* FooodifyApp.swift */,
				977FA69227F62DDD00002E26 /* Views */,
				BA6172E527D6B5B100E83754 /* Assets.xcassets */,
				BA6172E727D6B5B100E83754 /* Preview Content */,
			);
			path = Fooodify;
			sourceTree = "<group>";
		};
		BA6172E727D6B5B100E83754 /* Preview Content */ = {
			isa = PBXGroup;
			children = (
				BA6172E827D6B5B100E83754 /* Preview Assets.xcassets */,
			);
			path = "Preview Content";
			sourceTree = "<group>";
		};
		BA6172F127D6B5B200E83754 /* FooodifyTests */ = {
			isa = PBXGroup;
			children = (
				BA6172F227D6B5B200E83754 /* FooodifyTests.swift */,
			);
			path = FooodifyTests;
			sourceTree = "<group>";
		};
		BA6172FB27D6B5B200E83754 /* FooodifyUITests */ = {
			isa = PBXGroup;
			children = (
				BA6172FC27D6B5B200E83754 /* FooodifyUITests.swift */,
				BA6172FE27D6B5B200E83754 /* FooodifyUITestsLaunchTests.swift */,
			);
			path = FooodifyUITests;
			sourceTree = "<group>";
		};
/* End PBXGroup section */

/* Begin PBXNativeTarget section */
		BA6172DD27D6B5AE00E83754 /* Fooodify */ = {
			isa = PBXNativeTarget;
			buildConfigurationList = BA61730227D6B5B200E83754 /* Build configuration list for PBXNativeTarget "Fooodify" */;
			buildPhases = (
				BA6172DA27D6B5AE00E83754 /* Sources */,
				BA6172DB27D6B5AE00E83754 /* Frameworks */,
				BA6172DC27D6B5AE00E83754 /* Resources */,
			);
			buildRules = (
			);
			dependencies = (
			);
			name = Fooodify;
			productName = Fooodify;
			productReference = BA6172DE27D6B5AE00E83754 /* Fooodify.app */;
			productType = "com.apple.product-type.application";
		};
		BA6172ED27D6B5B200E83754 /* FooodifyTests */ = {
			isa = PBXNativeTarget;
			buildConfigurationList = BA61730527D6B5B200E83754 /* Build configuration list for PBXNativeTarget "FooodifyTests" */;
			buildPhases = (
				BA6172EA27D6B5B200E83754 /* Sources */,
				BA6172EB27D6B5B200E83754 /* Frameworks */,
				BA6172EC27D6B5B200E83754 /* Resources */,
			);
			buildRules = (
			);
			dependencies = (
				BA6172F027D6B5B200E83754 /* PBXTargetDependency */,
			);
			name = FooodifyTests;
			productName = FooodifyTests;
			productReference = BA6172EE27D6B5B200E83754 /* FooodifyTests.xctest */;
			productType = "com.apple.product-type.bundle.unit-test";
		};
		BA6172F727D6B5B200E83754 /* FooodifyUITests */ = {
			isa = PBXNativeTarget;
			buildConfigurationList = BA61730827D6B5B200E83754 /* Build configuration list for PBXNativeTarget "FooodifyUITests" */;
			buildPhases = (
				BA6172F427D6B5B200E83754 /* Sources */,
				BA6172F527D6B5B200E83754 /* Frameworks */,
				BA6172F627D6B5B200E83754 /* Resources */,
			);
			buildRules = (
			);
			dependencies = (
				BA6172FA27D6B5B200E83754 /* PBXTargetDependency */,
			);
			name = FooodifyUITests;
			productName = FooodifyUITests;
			productReference = BA6172F827D6B5B200E83754 /* FooodifyUITests.xctest */;
			productType = "com.apple.product-type.bundle.ui-testing";
		};
/* End PBXNativeTarget section */

/* Begin PBXProject section */
		BA6172D627D6B5AE00E83754 /* Project object */ = {
			isa = PBXProject;
			attributes = {
				BuildIndependentTargetsInParallel = 1;
				LastSwiftUpdateCheck = 1320;
				LastUpgradeCheck = 1320;
				TargetAttributes = {
					BA6172DD27D6B5AE00E83754 = {
						CreatedOnToolsVersion = 13.2.1;
					};
					BA6172ED27D6B5B200E83754 = {
						CreatedOnToolsVersion = 13.2.1;
						TestTargetID = BA6172DD27D6B5AE00E83754;
					};
					BA6172F727D6B5B200E83754 = {
						CreatedOnToolsVersion = 13.2.1;
						TestTargetID = BA6172DD27D6B5AE00E83754;
					};
				};
			};
			buildConfigurationList = BA6172D927D6B5AE00E83754 /* Build configuration list for PBXProject "Fooodify" */;
			compatibilityVersion = "Xcode 13.0";
			developmentRegion = en;
			hasScannedForEncodings = 0;
			knownRegions = (
				en,
				Base,
			);
			mainGroup = BA6172D527D6B5AE00E83754;
			productRefGroup = BA6172DF27D6B5AE00E83754 /* Products */;
			projectDirPath = "";
			projectRoot = "";
			targets = (
				BA6172DD27D6B5AE00E83754 /* Fooodify */,
				BA6172ED27D6B5B200E83754 /* FooodifyTests */,
				BA6172F727D6B5B200E83754 /* FooodifyUITests */,
			);
		};
/* End PBXProject section */

/* Begin PBXResourcesBuildPhase section */
		BA6172DC27D6B5AE00E83754 /* Resources */ = {
			isa = PBXResourcesBuildPhase;
			buildActionMask = 2147483647;
			files = (
				BA6172E927D6B5B100E83754 /* Preview Assets.xcassets in Resources */,
				BA6172E627D6B5B100E83754 /* Assets.xcassets in Resources */,
			);
			runOnlyForDeploymentPostprocessing = 0;
		};
		BA6172EC27D6B5B200E83754 /* Resources */ = {
			isa = PBXResourcesBuildPhase;
			buildActionMask = 2147483647;
			files = (
			);
			runOnlyForDeploymentPostprocessing = 0;
		};
		BA6172F627D6B5B200E83754 /* Resources */ = {
			isa = PBXResourcesBuildPhase;
			buildActionMask = 2147483647;
			files = (
			);
			runOnlyForDeploymentPostprocessing = 0;
		};
/* End PBXResourcesBuildPhase section */

/* Begin PBXSourcesBuildPhase section */
		BA6172DA27D6B5AE00E83754 /* Sources */ = {
			isa = PBXSourcesBuildPhase;
			buildActionMask = 2147483647;
			files = (
				977FA69527F62FBC00002E26 /* AddView.swift in Sources */,
				BA6172E427D6B5AE00E83754 /* ContentView.swift in Sources */,
				977FA69127F4D46400002E26 /* Food.swift in Sources */,
				977FA69927F9FBE300002E26 /* NewView.swift in Sources */,
				97978CCF28178026008FAD5A /* HomeScreen.swift in Sources */,
				977FA69727F9FB3600002E26 /* HomeView.swift in Sources */,
				97ADD2F6281892B5003848E0 /* FetchData.swift in Sources */,
				BA6172E227D6B5AE00E83754 /* FooodifyApp.swift in Sources */,
			);
			runOnlyForDeploymentPostprocessing = 0;
		};
		BA6172EA27D6B5B200E83754 /* Sources */ = {
			isa = PBXSourcesBuildPhase;
			buildActionMask = 2147483647;
			files = (
				BA6172F327D6B5B200E83754 /* FooodifyTests.swift in Sources */,
			);
			runOnlyForDeploymentPostprocessing = 0;
		};
		BA6172F427D6B5B200E83754 /* Sources */ = {
			isa = PBXSourcesBuildPhase;
			buildActionMask = 2147483647;
			files = (
				BA6172FF27D6B5B200E83754 /* FooodifyUITestsLaunchTests.swift in Sources */,
				BA6172FD27D6B5B200E83754 /* FooodifyUITests.swift in Sources */,
			);
			runOnlyForDeploymentPostprocessing = 0;
		};
/* End PBXSourcesBuildPhase section */

/* Begin PBXTargetDependency section */
		BA6172F027D6B5B200E83754 /* PBXTargetDependency */ = {
			isa = PBXTargetDependency;
			target = BA6172DD27D6B5AE00E83754 /* Fooodify */;
			targetProxy = BA6172EF27D6B5B200E83754 /* PBXContainerItemProxy */;
		};
		BA6172FA27D6B5B200E83754 /* PBXTargetDependency */ = {
			isa = PBXTargetDependency;
			target = BA6172DD27D6B5AE00E83754 /* Fooodify */;
			targetProxy = BA6172F927D6B5B200E83754 /* PBXContainerItemProxy */;
		};
/* End PBXTargetDependency section */

/* Begin XCBuildConfiguration section */
		BA61730027D6B5B200E83754 /* Debug */ = {
			isa = XCBuildConfiguration;
			buildSettings = {
				ALWAYS_SEARCH_USER_PATHS = NO;
				CLANG_ANALYZER_NONNULL = YES;
				CLANG_ANALYZER_NUMBER_OBJECT_CONVERSION = YES_AGGRESSIVE;
				CLANG_CXX_LANGUAGE_STANDARD = "gnu++17";
				CLANG_CXX_LIBRARY = "libc++";
				CLANG_ENABLE_MODULES = YES;
				CLANG_ENABLE_OBJC_ARC = YES;
				CLANG_ENABLE_OBJC_WEAK = YES;
				CLANG_WARN_BLOCK_CAPTURE_AUTORELEASING = YES;
				CLANG_WARN_BOOL_CONVERSION = YES;
				CLANG_WARN_COMMA = YES;
				CLANG_WARN_CONSTANT_CONVERSION = YES;
				CLANG_WARN_DEPRECATED_OBJC_IMPLEMENTATIONS = YES;
				CLANG_WARN_DIRECT_OBJC_ISA_USAGE = YES_ERROR;
				CLANG_WARN_DOCUMENTATION_COMMENTS = YES;
				CLANG_WARN_EMPTY_BODY = YES;
				CLANG_WARN_ENUM_CONVERSION = YES;
				CLANG_WARN_INFINITE_RECURSION = YES;
				CLANG_WARN_INT_CONVERSION = YES;
				CLANG_WARN_NON_LITERAL_NULL_CONVERSION = YES;
				CLANG_WARN_OBJC_IMPLICIT_RETAIN_SELF = YES;
				CLANG_WARN_OBJC_LITERAL_CONVERSION = YES;
				CLANG_WARN_OBJC_ROOT_CLASS = YES_ERROR;
				CLANG_WARN_QUOTED_INCLUDE_IN_FRAMEWORK_HEADER = YES;
				CLANG_WARN_RANGE_LOOP_ANALYSIS = YES;
				CLANG_WARN_STRICT_PROTOTYPES = YES;
				CLANG_WARN_SUSPICIOUS_MOVE = YES;
				CLANG_WARN_UNGUARDED_AVAILABILITY = YES_AGGRESSIVE;
				CLANG_WARN_UNREACHABLE_CODE = YES;
				CLANG_WARN__DUPLICATE_METHOD_MATCH = YES;
				COPY_PHASE_STRIP = NO;
				DEBUG_INFORMATION_FORMAT = dwarf;
				ENABLE_STRICT_OBJC_MSGSEND = YES;
				ENABLE_TESTABILITY = YES;
				GCC_C_LANGUAGE_STANDARD = gnu11;
				GCC_DYNAMIC_NO_PIC = NO;
				GCC_NO_COMMON_BLOCKS = YES;
				GCC_OPTIMIZATION_LEVEL = 0;
				GCC_PREPROCESSOR_DEFINITIONS = (
					"DEBUG=1",
					"$(inherited)",
				);
				GCC_WARN_64_TO_32_BIT_CONVERSION = YES;
				GCC_WARN_ABOUT_RETURN_TYPE = YES_ERROR;
				GCC_WARN_UNDECLARED_SELECTOR = YES;
				GCC_WARN_UNINITIALIZED_AUTOS = YES_AGGRESSIVE;
				GCC_WARN_UNUSED_FUNCTION = YES;
				GCC_WARN_UNUSED_VARIABLE = YES;
				IPHONEOS_DEPLOYMENT_TARGET = 15.2;
				MTL_ENABLE_DEBUG_INFO = INCLUDE_SOURCE;
				MTL_FAST_MATH = YES;
				ONLY_ACTIVE_ARCH = YES;
				SDKROOT = iphoneos;
				SWIFT_ACTIVE_COMPILATION_CONDITIONS = DEBUG;
				SWIFT_OPTIMIZATION_LEVEL = "-Onone";
			};
			name = Debug;
		};
		BA61730127D6B5B200E83754 /* Release */ = {
			isa = XCBuildConfiguration;
			buildSettings = {
				ALWAYS_SEARCH_USER_PATHS = NO;
				CLANG_ANALYZER_NONNULL = YES;
				CLANG_ANALYZER_NUMBER_OBJECT_CONVERSION = YES_AGGRESSIVE;
				CLANG_CXX_LANGUAGE_STANDARD = "gnu++17";
				CLANG_CXX_LIBRARY = "libc++";
				CLANG_ENABLE_MODULES = YES;
				CLANG_ENABLE_OBJC_ARC = YES;
				CLANG_ENABLE_OBJC_WEAK = YES;
				CLANG_WARN_BLOCK_CAPTURE_AUTORELEASING = YES;
				CLANG_WARN_BOOL_CONVERSION = YES;
				CLANG_WARN_COMMA = YES;
				CLANG_WARN_CONSTANT_CONVERSION = YES;
				CLANG_WARN_DEPRECATED_OBJC_IMPLEMENTATIONS = YES;
				CLANG_WARN_DIRECT_OBJC_ISA_USAGE = YES_ERROR;
				CLANG_WARN_DOCUMENTATION_COMMENTS = YES;
				CLANG_WARN_EMPTY_BODY = YES;
				CLANG_WARN_ENUM_CONVERSION = YES;
				CLANG_WARN_INFINITE_RECURSION = YES;
				CLANG_WARN_INT_CONVERSION = YES;
				CLANG_WARN_NON_LITERAL_NULL_CONVERSION = YES;
				CLANG_WARN_OBJC_IMPLICIT_RETAIN_SELF = YES;
				CLANG_WARN_OBJC_LITERAL_CONVERSION = YES;
				CLANG_WARN_OBJC_ROOT_CLASS = YES_ERROR;
				CLANG_WARN_QUOTED_INCLUDE_IN_FRAMEWORK_HEADER = YES;
				CLANG_WARN_RANGE_LOOP_ANALYSIS = YES;
				CLANG_WARN_STRICT_PROTOTYPES = YES;
				CLANG_WARN_SUSPICIOUS_MOVE = YES;
				CLANG_WARN_UNGUARDED_AVAILABILITY = YES_AGGRESSIVE;
				CLANG_WARN_UNREACHABLE_CODE = YES;
				CLANG_WARN__DUPLICATE_METHOD_MATCH = YES;
				COPY_PHASE_STRIP = NO;
				DEBUG_INFORMATION_FORMAT = "dwarf-with-dsym";
				ENABLE_NS_ASSERTIONS = NO;
				ENABLE_STRICT_OBJC_MSGSEND = YES;
				GCC_C_LANGUAGE_STANDARD = gnu11;
				GCC_NO_COMMON_BLOCKS = YES;
				GCC_WARN_64_TO_32_BIT_CONVERSION = YES;
				GCC_WARN_ABOUT_RETURN_TYPE = YES_ERROR;
				GCC_WARN_UNDECLARED_SELECTOR = YES;
				GCC_WARN_UNINITIALIZED_AUTOS = YES_AGGRESSIVE;
				GCC_WARN_UNUSED_FUNCTION = YES;
				GCC_WARN_UNUSED_VARIABLE = YES;
				IPHONEOS_DEPLOYMENT_TARGET = 15.2;
				MTL_ENABLE_DEBUG_INFO = NO;
				MTL_FAST_MATH = YES;
				SDKROOT = iphoneos;
				SWIFT_COMPILATION_MODE = wholemodule;
				SWIFT_OPTIMIZATION_LEVEL = "-O";
				VALIDATE_PRODUCT = YES;
			};
			name = Release;
		};
		BA61730327D6B5B200E83754 /* Debug */ = {
			isa = XCBuildConfiguration;
			buildSettings = {
				ASSETCATALOG_COMPILER_APPICON_NAME = AppIcon;
				ASSETCATALOG_COMPILER_GLOBAL_ACCENT_COLOR_NAME = AccentColor;
				CODE_SIGN_STYLE = Automatic;
				CURRENT_PROJECT_VERSION = 1;
				DEVELOPMENT_ASSET_PATHS = "\"Fooodify/Preview Content\"";
				DEVELOPMENT_TEAM = CFX9FH73LD;
				ENABLE_PREVIEWS = YES;
				GENERATE_INFOPLIST_FILE = YES;
				INFOPLIST_KEY_NSLocationWhenInUseUsageDescription = "Allow Location Access for Foods Nearby";
				INFOPLIST_KEY_UIApplicationSceneManifest_Generation = YES;
				INFOPLIST_KEY_UIApplicationSupportsIndirectInputEvents = YES;
				INFOPLIST_KEY_UILaunchScreen_Generation = YES;
				INFOPLIST_KEY_UISupportedInterfaceOrientations_iPad = "UIInterfaceOrientationPortrait UIInterfaceOrientationPortraitUpsideDown UIInterfaceOrientationLandscapeLeft UIInterfaceOrientationLandscapeRight";
				INFOPLIST_KEY_UISupportedInterfaceOrientations_iPhone = "UIInterfaceOrientationPortrait UIInterfaceOrientationLandscapeLeft UIInterfaceOrientationLandscapeRight";
				INFO_PLIST_KEY_NSLocationWhenInUseUsageDescription = "Allow Location Access for Foods Nearby";
				LD_RUNPATH_SEARCH_PATHS = (
					"$(inherited)",
					"@executable_path/Frameworks",
				);
				MARKETING_VERSION = 1.0;
				PRODUCT_BUNDLE_IDENTIFIER = umd.Fooodify;
				PRODUCT_NAME = "$(TARGET_NAME)";
				SWIFT_EMIT_LOC_STRINGS = YES;
				SWIFT_VERSION = 5.0;
				TARGETED_DEVICE_FAMILY = "1,2";
			};
			name = Debug;
		};
		BA61730427D6B5B200E83754 /* Release */ = {
			isa = XCBuildConfiguration;
			buildSettings = {
				ASSETCATALOG_COMPILER_APPICON_NAME = AppIcon;
				ASSETCATALOG_COMPILER_GLOBAL_ACCENT_COLOR_NAME = AccentColor;
				CODE_SIGN_STYLE = Automatic;
				CURRENT_PROJECT_VERSION = 1;
				DEVELOPMENT_ASSET_PATHS = "\"Fooodify/Preview Content\"";
				DEVELOPMENT_TEAM = CFX9FH73LD;
				ENABLE_PREVIEWS = YES;
				GENERATE_INFOPLIST_FILE = YES;
				INFOPLIST_KEY_NSLocationWhenInUseUsageDescription = "Allow Location Access for Foods Nearby";
				INFOPLIST_KEY_UIApplicationSceneManifest_Generation = YES;
				INFOPLIST_KEY_UIApplicationSupportsIndirectInputEvents = YES;
				INFOPLIST_KEY_UILaunchScreen_Generation = YES;
				INFOPLIST_KEY_UISupportedInterfaceOrientations_iPad = "UIInterfaceOrientationPortrait UIInterfaceOrientationPortraitUpsideDown UIInterfaceOrientationLandscapeLeft UIInterfaceOrientationLandscapeRight";
				INFOPLIST_KEY_UISupportedInterfaceOrientations_iPhone = "UIInterfaceOrientationPortrait UIInterfaceOrientationLandscapeLeft UIInterfaceOrientationLandscapeRight";
				INFO_PLIST_KEY_NSLocationWhenInUseUsageDescription = "Allow Location Access for Foods Nearby";
				LD_RUNPATH_SEARCH_PATHS = (
					"$(inherited)",
					"@executable_path/Frameworks",
				);
				MARKETING_VERSION = 1.0;
				PRODUCT_BUNDLE_IDENTIFIER = umd.Fooodify;
				PRODUCT_NAME = "$(TARGET_NAME)";
				SWIFT_EMIT_LOC_STRINGS = YES;
				SWIFT_VERSION = 5.0;
				TARGETED_DEVICE_FAMILY = "1,2";
			};
			name = Release;
		};
		BA61730627D6B5B200E83754 /* Debug */ = {
			isa = XCBuildConfiguration;
			buildSettings = {
				ALWAYS_EMBED_SWIFT_STANDARD_LIBRARIES = YES;
				BUNDLE_LOADER = "$(TEST_HOST)";
				CODE_SIGN_STYLE = Automatic;
				CURRENT_PROJECT_VERSION = 1;
				GENERATE_INFOPLIST_FILE = YES;
				IPHONEOS_DEPLOYMENT_TARGET = 15.2;
				MARKETING_VERSION = 1.0;
				PRODUCT_BUNDLE_IDENTIFIER = umd.FooodifyTests;
				PRODUCT_NAME = "$(TARGET_NAME)";
				SWIFT_EMIT_LOC_STRINGS = NO;
				SWIFT_VERSION = 5.0;
				TARGETED_DEVICE_FAMILY = "1,2";
				TEST_HOST = "$(BUILT_PRODUCTS_DIR)/Fooodify.app/Fooodify";
			};
			name = Debug;
		};
		BA61730727D6B5B200E83754 /* Release */ = {
			isa = XCBuildConfiguration;
			buildSettings = {
				ALWAYS_EMBED_SWIFT_STANDARD_LIBRARIES = YES;
				BUNDLE_LOADER = "$(TEST_HOST)";
				CODE_SIGN_STYLE = Automatic;
				CURRENT_PROJECT_VERSION = 1;
				GENERATE_INFOPLIST_FILE = YES;
				IPHONEOS_DEPLOYMENT_TARGET = 15.2;
				MARKETING_VERSION = 1.0;
				PRODUCT_BUNDLE_IDENTIFIER = umd.FooodifyTests;
				PRODUCT_NAME = "$(TARGET_NAME)";
				SWIFT_EMIT_LOC_STRINGS = NO;
				SWIFT_VERSION = 5.0;
				TARGETED_DEVICE_FAMILY = "1,2";
				TEST_HOST = "$(BUILT_PRODUCTS_DIR)/Fooodify.app/Fooodify";
			};
			name = Release;
		};
		BA61730927D6B5B200E83754 /* Debug */ = {
			isa = XCBuildConfiguration;
			buildSettings = {
				ALWAYS_EMBED_SWIFT_STANDARD_LIBRARIES = YES;
				CODE_SIGN_STYLE = Automatic;
				CURRENT_PROJECT_VERSION = 1;
				GENERATE_INFOPLIST_FILE = YES;
				MARKETING_VERSION = 1.0;
				PRODUCT_BUNDLE_IDENTIFIER = umd.FooodifyUITests;
				PRODUCT_NAME = "$(TARGET_NAME)";
				SWIFT_EMIT_LOC_STRINGS = NO;
				SWIFT_VERSION = 5.0;
				TARGETED_DEVICE_FAMILY = "1,2";
				TEST_TARGET_NAME = Fooodify;
			};
			name = Debug;
		};
		BA61730A27D6B5B200E83754 /* Release */ = {
			isa = XCBuildConfiguration;
			buildSettings = {
				ALWAYS_EMBED_SWIFT_STANDARD_LIBRARIES = YES;
				CODE_SIGN_STYLE = Automatic;
				CURRENT_PROJECT_VERSION = 1;
				GENERATE_INFOPLIST_FILE = YES;
				MARKETING_VERSION = 1.0;
				PRODUCT_BUNDLE_IDENTIFIER = umd.FooodifyUITests;
				PRODUCT_NAME = "$(TARGET_NAME)";
				SWIFT_EMIT_LOC_STRINGS = NO;
				SWIFT_VERSION = 5.0;
				TARGETED_DEVICE_FAMILY = "1,2";
				TEST_TARGET_NAME = Fooodify;
			};
			name = Release;
		};
/* End XCBuildConfiguration section */

/* Begin XCConfigurationList section */
		BA6172D927D6B5AE00E83754 /* Build configuration list for PBXProject "Fooodify" */ = {
			isa = XCConfigurationList;
			buildConfigurations = (
				BA61730027D6B5B200E83754 /* Debug */,
				BA61730127D6B5B200E83754 /* Release */,
			);
			defaultConfigurationIsVisible = 0;
			defaultConfigurationName = Release;
		};
		BA61730227D6B5B200E83754 /* Build configuration list for PBXNativeTarget "Fooodify" */ = {
			isa = XCConfigurationList;
			buildConfigurations = (
				BA61730327D6B5B200E83754 /* Debug */,
				BA61730427D6B5B200E83754 /* Release */,
			);
			defaultConfigurationIsVisible = 0;
			defaultConfigurationName = Release;
		};
		BA61730527D6B5B200E83754 /* Build configuration list for PBXNativeTarget "FooodifyTests" */ = {
			isa = XCConfigurationList;
			buildConfigurations = (
				BA61730627D6B5B200E83754 /* Debug */,
				BA61730727D6B5B200E83754 /* Release */,
			);
			defaultConfigurationIsVisible = 0;
			defaultConfigurationName = Release;
		};
		BA61730827D6B5B200E83754 /* Build configuration list for PBXNativeTarget "FooodifyUITests" */ = {
			isa = XCConfigurationList;
			buildConfigurations = (
				BA61730927D6B5B200E83754 /* Debug */,
				BA61730A27D6B5B200E83754 /* Release */,
			);
			defaultConfigurationIsVisible = 0;
			defaultConfigurationName = Release;
		};
/* End XCConfigurationList section */
	};
	rootObject = BA6172D627D6B5AE00E83754 /* Project object */;
}
